
Microsoft Visual Studio Solution File, Format Version 12.00
# Visual Studio 14
VisualStudioVersion = 14.0.25420.1
MinimumVisualStudioVersion = 10.0.40219.1
Project("{FAE04EC0-301F-11D3-BF4B-00C04F79EFBC}") = "SpecFlowTests", "SpecFlowTests\SpecFlowTests.csproj", "{81B253E0-9E84-4A3A-BD90-A17BDD2A6870}"
EndProject
Project("{FAE04EC0-301F-11D3-BF4B-00C04F79EFBC}") = "SeleniumWebDriver", "SeleniumWebDriver\SeleniumWebDriver.csproj", "{E5CFEB41-4ACE-4121-AD9A-20933488A529}"
EndProject
Project("{FAE04EC0-301F-11D3-BF4B-00C04F79EFBC}") = "SpecFlowHelpers", "SpecFlowHelpers\SpecFlowHelpers.csproj", "{2733E1A8-F7D9-4B2C-8261-36CE4580C32A}"
EndProject
Global
	GlobalSection(SolutionConfigurationPlatforms) = preSolution
		Debug|Any CPU = Debug|Any CPU
		Release|Any CPU = Release|Any CPU
	EndGlobalSection
	GlobalSection(ProjectConfigurationPlatforms) = postSolution
		{81B253E0-9E84-4A3A-BD90-A17BDD2A6870}.Debug|Any CPU.ActiveCfg = Debug|Any CPU
		{81B253E0-9E84-4A3A-BD90-A17BDD2A6870}.Debug|Any CPU.Build.0 = Debug|Any CPU
		{81B253E0-9E84-4A3A-BD90-A17BDD2A6870}.Release|Any CPU.ActiveCfg = Release|Any CPU
		{81B253E0-9E84-4A3A-BD90-A17BDD2A6870}.Release|Any CPU.Build.0 = Release|Any CPU
		{E5CFEB41-4ACE-4121-AD9A-20933488A529}.Debug|Any CPU.ActiveCfg = Debug|Any CPU
		{E5CFEB41-4ACE-4121-AD9A-20933488A529}.Debug|Any CPU.Build.0 = Debug|Any CPU
		{E5CFEB41-4ACE-4121-AD9A-20933488A529}.Release|Any CPU.ActiveCfg = Release|Any CPU
		{E5CFEB41-4ACE-4121-AD9A-20933488A529}.Release|Any CPU.Build.0 = Release|Any CPU
		{2733E1A8-F7D9-4B2C-8261-36CE4580C32A}.Debug|Any CPU.ActiveCfg = Debug|Any CPU
		{2733E1A8-F7D9-4B2C-8261-36CE4580C32A}.Debug|Any CPU.Build.0 = Debug|Any CPU
		{2733E1A8-F7D9-4B2C-8261-36CE4580C32A}.Release|Any CPU.ActiveCfg = Release|Any CPU
		{2733E1A8-F7D9-4B2C-8261-36CE4580C32A}.Release|Any CPU.Build.0 = Release|Any CPU
	EndGlobalSection
	GlobalSection(SolutionProperties) = preSolution
		HideSolutionNode = FALSE
	EndGlobalSection
EndGlobal
